{
  "name": "adventofcode2022",
  "version": "1.0.0",
  "lockfileVersion": 1,
  "requires": true,
  "dependencies": {
    "@turf/clean-coords": {
      "version": "5.1.5",
      "resolved": "https://registry.npmjs.org/@turf/clean-coords/-/clean-coords-5.1.5.tgz",
      "integrity": "sha512-xd/iSM0McVUxbu81KCKDqirCsYkKk3EAwpDjYI8vIQ+eKf/MLSdteRcm3PB7wo2y6JcYp4dMGv2cr9IP7V+dXQ==",
      "requires": {
        "@turf/helpers": "^5.1.5",
        "@turf/invariant": "^5.1.5"
      },
      "dependencies": {
        "@turf/helpers": {
          "version": "5.1.5",
          "resolved": "https://registry.npmjs.org/@turf/helpers/-/helpers-5.1.5.tgz",
          "integrity": "sha512-/lF+JR+qNDHZ8bF9d+Cp58nxtZWJ3sqFe6n3u3Vpj+/0cqkjk4nXKYBSY0azm+GIYB5mWKxUXvuP/m0ZnKj1bw=="
        }
      }
    },
    "@turf/helpers": {
      "version": "6.5.0",
      "resolved": "https://registry.npmjs.org/@turf/helpers/-/helpers-6.5.0.tgz",
      "integrity": "sha512-VbI1dV5bLFzohYYdgqwikdMVpe7pJ9X3E+dlr425wa2/sMJqYDhTO++ec38/pcPvPE6oD9WEEeU3Xu3gza+VPw=="
    },
    "@turf/intersect": {
      "version": "5.1.6",
      "resolved": "https://registry.npmjs.org/@turf/intersect/-/intersect-5.1.6.tgz",
      "integrity": "sha512-KXyNv/GXdoGAOy03qZF53rgtXC2tNhF/4jLwTKiVRrBQH6kcEpipGStdJ+QkYIlarQPa8f7I9UlVAB19et4MfQ==",
      "requires": {
        "@turf/clean-coords": "^5.1.5",
        "@turf/helpers": "^5.1.5",
        "@turf/invariant": "^5.1.5",
        "@turf/truncate": "^5.1.5",
        "turf-jsts": "*"
      },
      "dependencies": {
        "@turf/helpers": {
          "version": "5.1.5",
          "resolved": "https://registry.npmjs.org/@turf/helpers/-/helpers-5.1.5.tgz",
          "integrity": "sha512-/lF+JR+qNDHZ8bF9d+Cp58nxtZWJ3sqFe6n3u3Vpj+/0cqkjk4nXKYBSY0azm+GIYB5mWKxUXvuP/m0ZnKj1bw=="
        }
      }
    },
    "@turf/invariant": {
      "version": "5.2.0",
      "resolved": "https://registry.npmjs.org/@turf/invariant/-/invariant-5.2.0.tgz",
      "integrity": "sha512-28RCBGvCYsajVkw2EydpzLdcYyhSA77LovuOvgCJplJWaNVyJYH6BOR3HR9w50MEkPqb/Vc/jdo6I6ermlRtQA==",
      "requires": {
        "@turf/helpers": "^5.1.5"
      },
      "dependencies": {
        "@turf/helpers": {
          "version": "5.1.5",
          "resolved": "https://registry.npmjs.org/@turf/helpers/-/helpers-5.1.5.tgz",
          "integrity": "sha512-/lF+JR+qNDHZ8bF9d+Cp58nxtZWJ3sqFe6n3u3Vpj+/0cqkjk4nXKYBSY0azm+GIYB5mWKxUXvuP/m0ZnKj1bw=="
        }
      }
    },
    "@turf/meta": {
      "version": "5.2.0",
      "resolved": "https://registry.npmjs.org/@turf/meta/-/meta-5.2.0.tgz",
      "integrity": "sha512-ZjQ3Ii62X9FjnK4hhdsbT+64AYRpaI8XMBMcyftEOGSmPMUVnkbvuv3C9geuElAXfQU7Zk1oWGOcrGOD9zr78Q==",
      "requires": {
        "@turf/helpers": "^5.1.5"
      },
      "dependencies": {
        "@turf/helpers": {
          "version": "5.1.5",
          "resolved": "https://registry.npmjs.org/@turf/helpers/-/helpers-5.1.5.tgz",
          "integrity": "sha512-/lF+JR+qNDHZ8bF9d+Cp58nxtZWJ3sqFe6n3u3Vpj+/0cqkjk4nXKYBSY0azm+GIYB5mWKxUXvuP/m0ZnKj1bw=="
        }
      }
    },
    "@turf/truncate": {
      "version": "5.1.5",
      "resolved": "https://registry.npmjs.org/@turf/truncate/-/truncate-5.1.5.tgz",
      "integrity": "sha512-WjWGsRE6o1vUqULGb/O7O1eK6B4Eu6R/RBZWnF0rH0Os6WVel6tHktkeJdlKwz9WElIEO12wDIu6uKd54t7DDQ==",
      "requires": {
        "@turf/helpers": "^5.1.5",
        "@turf/meta": "^5.1.5"
      },
      "dependencies": {
        "@turf/helpers": {
          "version": "5.1.5",
          "resolved": "https://registry.npmjs.org/@turf/helpers/-/helpers-5.1.5.tgz",
          "integrity": "sha512-/lF+JR+qNDHZ8bF9d+Cp58nxtZWJ3sqFe6n3u3Vpj+/0cqkjk4nXKYBSY0azm+GIYB5mWKxUXvuP/m0ZnKj1bw=="
        }
      }
    },
    "@turf/union": {
      "version": "5.1.5",
      "resolved": "https://registry.npmjs.org/@turf/union/-/union-5.1.5.tgz",
      "integrity": "sha512-wBy1ixxC68PpsTeEDebk/EfnbI1Za5dCyY7xFY9NMzrtVEOy0l0lQ5syOsaqY4Ire+dbsDM66p2GGxmefoyIEA==",
      "requires": {
        "@turf/helpers": "^5.1.5",
        "turf-jsts": "*"
      },
      "dependencies": {
        "@turf/helpers": {
          "version": "5.1.5",
          "resolved": "https://registry.npmjs.org/@turf/helpers/-/helpers-5.1.5.tgz",
          "integrity": "sha512-/lF+JR+qNDHZ8bF9d+Cp58nxtZWJ3sqFe6n3u3Vpj+/0cqkjk4nXKYBSY0azm+GIYB5mWKxUXvuP/m0ZnKj1bw=="
        }
      }
    },
    "turf-jsts": {
      "version": "1.2.3",
      "resolved": "https://registry.npmjs.org/turf-jsts/-/turf-jsts-1.2.3.tgz",
      "integrity": "sha512-Ja03QIJlPuHt4IQ2FfGex4F4JAr8m3jpaHbFbQrgwr7s7L6U8ocrHiF3J1+wf9jzhGKxvDeaCAnGDot8OjGFyA=="
    }
  }
}
